<?xml version="1.0" encoding="utf-8"?>
<Project ToolsVersion="4.0" xmlns="http://schemas.microsoft.com/developer/msbuild/2003">
  <ItemGroup>
    <Filter Include="00 MainApp">
      <UniqueIdentifier>{19d30c61-3001-4e34-8e72-98fb28f185f4}</UniqueIdentifier>
    </Filter>
    <Filter Include="01 GameObj">
      <UniqueIdentifier>{540a569e-abbb-45c3-9f32-127cf4290479}</UniqueIdentifier>
    </Filter>
    <Filter Include="02 Scene">
      <UniqueIdentifier>{cbeec1de-c4ef-49ab-b150-d2dd7bfaa572}</UniqueIdentifier>
    </Filter>
    <Filter Include="99 Default">
      <UniqueIdentifier>{16a6c860-d105-49d6-9146-95c82543fb09}</UniqueIdentifier>
    </Filter>
    <Filter Include="98 Manager">
      <UniqueIdentifier>{a923108c-d2fd-4790-8ab5-1e83e7d4d5d2}</UniqueIdentifier>
    </Filter>
    <Filter Include="98 Manager\01 KeyManager">
      <UniqueIdentifier>{033d45f9-eec0-4412-bd7c-cd1ade68199a}</UniqueIdentifier>
    </Filter>
    <Filter Include="98 Manager\02 TimeManager">
      <UniqueIdentifier>{c15fe9fd-4446-465e-b90c-6821600ab492}</UniqueIdentifier>
    </Filter>
    <Filter Include="98 Manager\03 CollisionManager">
      <UniqueIdentifier>{66770725-690c-4f10-ae2a-c60d497c509d}</UniqueIdentifier>
    </Filter>
    <Filter Include="98 Manager\04 MathManager">
      <UniqueIdentifier>{ba092d17-1649-4fba-86f1-52e85d23364e}</UniqueIdentifier>
    </Filter>
    <Filter Include="98 Manager\99 GameManager">
      <UniqueIdentifier>{2d105f06-2a8b-4eb5-aa15-2da643d14c90}</UniqueIdentifier>
    </Filter>
    <Filter Include="98 Manager\97 SceneManager">
      <UniqueIdentifier>{218608f9-b417-4937-9790-477c362ae796}</UniqueIdentifier>
    </Filter>
    <Filter Include="98 Manager\98 RenderManager">
      <UniqueIdentifier>{6ea59593-4bbb-4b1f-8b13-a71092a62fc3}</UniqueIdentifier>
    </Filter>
    <Filter Include="98 Manager\05 ResourceManager">
      <UniqueIdentifier>{974f1cf2-543d-4006-bf52-e6e74457eaa8}</UniqueIdentifier>
    </Filter>
    <Filter Include="02 Scene\99 TestStage">
      <UniqueIdentifier>{a166a380-c2b7-4cb1-85aa-ceb6cde74688}</UniqueIdentifier>
    </Filter>
    <Filter Include="98 Manager\05 ResourceManager\Bitmap">
      <UniqueIdentifier>{e12a8cd9-1366-4875-bb30-ebbfd7d07d64}</UniqueIdentifier>
    </Filter>
    <Filter Include="02 Scene\98 Loading">
      <UniqueIdentifier>{98d91066-dfcd-4e72-ae7b-9c47c64bfc69}</UniqueIdentifier>
    </Filter>
    <Filter Include="98 Manager\06 AnimationManager">
      <UniqueIdentifier>{22617815-656c-4388-b9bf-24bd06dd8610}</UniqueIdentifier>
    </Filter>
    <Filter Include="98 Manager\07 MapManager">
      <UniqueIdentifier>{8f98d8d0-3a6a-4ae5-be42-6186aa2b9961}</UniqueIdentifier>
    </Filter>
    <Filter Include="01 GameObj\99 Data">
      <UniqueIdentifier>{0c74e9ce-57b4-4136-a705-11c41aa9762d}</UniqueIdentifier>
    </Filter>
    <Filter Include="01 GameObj\99 Data\00 Animation">
      <UniqueIdentifier>{36439d5e-9aaf-479f-9ae0-5238a77dcc12}</UniqueIdentifier>
    </Filter>
    <Filter Include="01 GameObj\99 Data\01 Map">
      <UniqueIdentifier>{2f8c7e0f-5f7a-4cae-bcc5-75186da08f91}</UniqueIdentifier>
    </Filter>
    <Filter Include="01 GameObj\99 Data\01 Map\Layer">
      <UniqueIdentifier>{662cbd70-b096-4164-a840-d38ab6615861}</UniqueIdentifier>
    </Filter>
    <Filter Include="01 GameObj\00 Player">
      <UniqueIdentifier>{bd05b8b6-96e9-487c-b545-de1696701077}</UniqueIdentifier>
    </Filter>
    <Filter Include="01 GameObj\02 Effect">
      <UniqueIdentifier>{9850f4f4-08fb-428e-8eff-63afd55a2978}</UniqueIdentifier>
    </Filter>
    <Filter Include="02 Scene\97 Logo">
      <UniqueIdentifier>{1ee65300-ef49-4515-b43e-a046a474315d}</UniqueIdentifier>
    </Filter>
    <Filter Include="01 GameObj\99 Data\01 Map\Tile">
      <UniqueIdentifier>{035f0945-7c02-471f-b8dd-2c8c5161107a}</UniqueIdentifier>
    </Filter>
    <Filter Include="98 Manager\08 ScrollManager">
      <UniqueIdentifier>{d7eee568-46f8-4915-8752-25915ed7567b}</UniqueIdentifier>
    </Filter>
    <Filter Include="02 Scene\00 TutorialStage">
      <UniqueIdentifier>{f28a0149-bd7f-4ffb-9c65-29d400527005}</UniqueIdentifier>
    </Filter>
    <Filter Include="02 Scene\01 Stage0">
      <UniqueIdentifier>{387a2455-31a5-4c87-9a73-30c2de51acce}</UniqueIdentifier>
    </Filter>
    <Filter Include="02 Scene\02 Stage1">
      <UniqueIdentifier>{6404fa6c-4e39-4750-a7c9-51cec905a8af}</UniqueIdentifier>
    </Filter>
    <Filter Include="01 GameObj\01 Monster">
      <UniqueIdentifier>{a0359289-904a-4ef9-90b3-3b42da79558b}</UniqueIdentifier>
    </Filter>
    <Filter Include="02 Scene\96 EventScene">
      <UniqueIdentifier>{64dc30db-3f53-4c0e-97df-80502ec90a84}</UniqueIdentifier>
    </Filter>
    <Filter Include="01 GameObj\03 Portal">
      <UniqueIdentifier>{c8c85ae0-5eeb-4b90-a05f-24b4ba91493b}</UniqueIdentifier>
    </Filter>
  </ItemGroup>
  <ItemGroup>
    <ClInclude Include="Client.h">
      <Filter>99 Default</Filter>
    </ClInclude>
    <ClInclude Include="Resource.h">
      <Filter>99 Default</Filter>
    </ClInclude>
    <ClInclude Include="targetver.h">
      <Filter>99 Default</Filter>
    </ClInclude>
    <ClInclude Include="CMainApp.h">
      <Filter>00 MainApp</Filter>
    </ClInclude>
    <ClInclude Include="stdafx.h">
      <Filter>99 Default</Filter>
    </ClInclude>
    <ClInclude Include="CGameObj.h">
      <Filter>01 GameObj</Filter>
    </ClInclude>
    <ClInclude Include="CTimeManager.h">
      <Filter>98 Manager\02 TimeManager</Filter>
    </ClInclude>
    <ClInclude Include="CCollisionManager.h">
      <Filter>98 Manager\03 CollisionManager</Filter>
    </ClInclude>
    <ClInclude Include="CMathManager.h">
      <Filter>98 Manager\04 MathManager</Filter>
    </ClInclude>
    <ClInclude Include="CRenderManager.h">
      <Filter>98 Manager\98 RenderManager</Filter>
    </ClInclude>
    <ClInclude Include="CGameManager.h">
      <Filter>98 Manager\99 GameManager</Filter>
    </ClInclude>
    <ClInclude Include="CScene.h">
      <Filter>02 Scene</Filter>
    </ClInclude>
    <ClInclude Include="CSceneManager.h">
      <Filter>98 Manager\97 SceneManager</Filter>
    </ClInclude>
    <ClInclude Include="CKeyManager.h">
      <Filter>98 Manager\01 KeyManager</Filter>
    </ClInclude>
    <ClInclude Include="CResourceManager.h">
      <Filter>98 Manager\05 ResourceManager</Filter>
    </ClInclude>
    <ClInclude Include="CScene_TestStage.h">
      <Filter>02 Scene\99 TestStage</Filter>
    </ClInclude>
    <ClInclude Include="CBitmap.h">
      <Filter>98 Manager\05 ResourceManager\Bitmap</Filter>
    </ClInclude>
    <ClInclude Include="CScene_Loading.h">
      <Filter>02 Scene\98 Loading</Filter>
    </ClInclude>
    <ClInclude Include="CScene_Logo.h">
      <Filter>02 Scene\97 Logo</Filter>
    </ClInclude>
    <ClInclude Include="CAnimation.h">
      <Filter>01 GameObj\99 Data\00 Animation</Filter>
    </ClInclude>
    <ClInclude Include="CMap.h">
      <Filter>01 GameObj\99 Data\01 Map</Filter>
    </ClInclude>
    <ClInclude Include="CLayer.h">
      <Filter>01 GameObj\99 Data\01 Map\Layer</Filter>
    </ClInclude>
    <ClInclude Include="CAnimationManager.h">
      <Filter>98 Manager\06 AnimationManager</Filter>
    </ClInclude>
    <ClInclude Include="CMapManager.h">
      <Filter>98 Manager\07 MapManager</Filter>
    </ClInclude>
    <ClInclude Include="CTile.h">
      <Filter>01 GameObj\99 Data\01 Map\Tile</Filter>
    </ClInclude>
    <ClInclude Include="CScrollManager.h">
      <Filter>98 Manager\08 ScrollManager</Filter>
    </ClInclude>
    <ClInclude Include="CPlayer.h">
      <Filter>01 GameObj\00 Player</Filter>
    </ClInclude>
    <ClInclude Include="CScene_TutorialStage.h">
      <Filter>02 Scene\00 TutorialStage</Filter>
    </ClInclude>
    <ClInclude Include="CScene_Stage0.h">
      <Filter>02 Scene\01 Stage0</Filter>
    </ClInclude>
    <ClInclude Include="CScene_Stage1.h">
      <Filter>02 Scene\02 Stage1</Filter>
    </ClInclude>
    <ClInclude Include="CPortal.h">
      <Filter>01 GameObj\03 Portal</Filter>
    </ClInclude>
    <ClInclude Include="CScene_Event.h">
      <Filter>02 Scene\96 EventScene</Filter>
    </ClInclude>
  </ItemGroup>
  <ItemGroup>
    <Image Include="Client.ico">
      <Filter>99 Default</Filter>
    </Image>
    <Image Include="small.ico">
      <Filter>99 Default</Filter>
    </Image>
  </ItemGroup>
  <ItemGroup>
    <ResourceCompile Include="Client.rc">
      <Filter>99 Default</Filter>
    </ResourceCompile>
  </ItemGroup>
  <ItemGroup>
    <ClCompile Include="Client.cpp">
      <Filter>99 Default</Filter>
    </ClCompile>
    <ClCompile Include="CMainApp.cpp">
      <Filter>00 MainApp</Filter>
    </ClCompile>
    <ClCompile Include="CGameObj.cpp">
      <Filter>01 GameObj</Filter>
    </ClCompile>
    <ClCompile Include="CTimeManager.cpp">
      <Filter>98 Manager\02 TimeManager</Filter>
    </ClCompile>
    <ClCompile Include="CCollisionManager.cpp">
      <Filter>98 Manager\03 CollisionManager</Filter>
    </ClCompile>
    <ClCompile Include="CMathManager.cpp">
      <Filter>98 Manager\04 MathManager</Filter>
    </ClCompile>
    <ClCompile Include="CRenderManager.cpp">
      <Filter>98 Manager\98 RenderManager</Filter>
    </ClCompile>
    <ClCompile Include="CGameManager.cpp">
      <Filter>98 Manager\99 GameManager</Filter>
    </ClCompile>
    <ClCompile Include="CScene.cpp">
      <Filter>02 Scene</Filter>
    </ClCompile>
    <ClCompile Include="CSceneManager.cpp">
      <Filter>98 Manager\97 SceneManager</Filter>
    </ClCompile>
    <ClCompile Include="CKeyManager.cpp">
      <Filter>98 Manager\01 KeyManager</Filter>
    </ClCompile>
    <ClCompile Include="CResourceManager.cpp">
      <Filter>98 Manager\05 ResourceManager</Filter>
    </ClCompile>
    <ClCompile Include="CScene_TestStage.cpp">
      <Filter>02 Scene\99 TestStage</Filter>
    </ClCompile>
    <ClCompile Include="CBitmap.cpp">
      <Filter>98 Manager\05 ResourceManager\Bitmap</Filter>
    </ClCompile>
    <ClCompile Include="CScene_Loading.cpp">
      <Filter>02 Scene\98 Loading</Filter>
    </ClCompile>
    <ClCompile Include="CScene_Logo.cpp">
      <Filter>02 Scene\97 Logo</Filter>
    </ClCompile>
    <ClCompile Include="CAnimation.cpp">
      <Filter>01 GameObj\99 Data\00 Animation</Filter>
    </ClCompile>
    <ClCompile Include="CMap.cpp">
      <Filter>01 GameObj\99 Data\01 Map</Filter>
    </ClCompile>
    <ClCompile Include="CLayer.cpp">
      <Filter>01 GameObj\99 Data\01 Map\Layer</Filter>
    </ClCompile>
    <ClCompile Include="CAnimationManager.cpp">
      <Filter>98 Manager\06 AnimationManager</Filter>
    </ClCompile>
    <ClCompile Include="CMapManager.cpp">
      <Filter>98 Manager\07 MapManager</Filter>
    </ClCompile>
    <ClCompile Include="CTile.cpp">
      <Filter>01 GameObj\99 Data\01 Map\Tile</Filter>
    </ClCompile>
    <ClCompile Include="CScrollManager.cpp">
      <Filter>98 Manager\08 ScrollManager</Filter>
    </ClCompile>
    <ClCompile Include="CPlayer.cpp">
      <Filter>01 GameObj\00 Player</Filter>
    </ClCompile>
    <ClCompile Include="CScene_TutorialStage.cpp">
      <Filter>02 Scene\00 TutorialStage</Filter>
    </ClCompile>
    <ClCompile Include="CScene_Stage0.cpp">
      <Filter>02 Scene\01 Stage0</Filter>
    </ClCompile>
    <ClCompile Include="CScene_Stage1.cpp">
      <Filter>02 Scene\02 Stage1</Filter>
    </ClCompile>
    <ClCompile Include="CPortal.cpp">
      <Filter>01 GameObj\03 Portal</Filter>
    </ClCompile>
    <ClCompile Include="CScene_Event.cpp">
      <Filter>02 Scene\96 EventScene</Filter>
    </ClCompile>
  </ItemGroup>
</Project>